
Microsoft Visual Studio Solution File, Format Version 12.00
# Visual Studio Version 17
VisualStudioVersion = 17.5.002.0
MinimumVisualStudioVersion = 10.0.40219.1
Project("{FAE04EC0-301F-11D3-BF4B-00C04F79EFBC}") = "10-1_improve-renewal-rate-subscription", "10-1_improve-renewal-rate-subscription\10-1_improve-renewal-rate-subscription.csproj", "{EDAC064F-7293-4827-A3F3-B2B00F958AA3}"
EndProject
Project("{FAE04EC0-301F-11D3-BF4B-00C04F79EFBC}") = "11-1_implement-foreach", "11-1_implement-foreach\11-1_implement-foreach.csproj", "{491CFD20-C337-40E6-BCC2-3D99A0D53F00}"
EndProject
Project("{FAE04EC0-301F-11D3-BF4B-00C04F79EFBC}") = "11-2_fraudulent-order-challenge", "11-2_fraudulent-order-challenge\11-2_fraudulent-order-challenge.csproj", "{C9D5E9AA-F7C1-4260-91AE-715EF1554E3E}"
EndProject
Project("{FAE04EC0-301F-11D3-BF4B-00C04F79EFBC}") = "12-1_improve-code-readability", "12-1_improve-code-readability\12-1_improve-code-readability.csproj", "{37215A79-7F52-4FEA-8C27-5207EA9F60BD}"
EndProject
Project("{FAE04EC0-301F-11D3-BF4B-00C04F79EFBC}") = "13-1_challenge-student-grade", "13-1_challenge-student-grade\13-1_challenge-student-grade.csproj", "{DE57A6C1-4D03-4533-A71C-A931C1E3BDCB}"
EndProject
Project("{FAE04EC0-301F-11D3-BF4B-00C04F79EFBC}") = "14-1_conditional-operator", "14-1_conditional-operator\14-1_conditional-operator.csproj", "{1FEC8FC6-AC9B-4681-B1DA-66119CE3E7EF}"
EndProject
Project("{FAE04EC0-301F-11D3-BF4B-00C04F79EFBC}") = "14-2_challenge-coin-flip", "14-2_challenge-coin-flip\14-2_challenge-coin-flip.csproj", "{C395B49B-A4A3-4455-80F5-C356F9C772B5}"
EndProject
Project("{FAE04EC0-301F-11D3-BF4B-00C04F79EFBC}") = "14-3_challenge-decision-logic", "14-3_challenge-decision-logic\14-3_challenge-decision-logic.csproj", "{55DF4A4A-20F7-46F4-9CA7-CFE6C31EAEDD}"
EndProject
Project("{FAE04EC0-301F-11D3-BF4B-00C04F79EFBC}") = "15-1_challenge-variable-scope", "15-1_challenge-variable-scope\15-1_challenge-variable-scope.csproj", "{695363F5-1B06-4BFB-A9A2-197DCAD6AE7E}"
EndProject
Project("{FAE04EC0-301F-11D3-BF4B-00C04F79EFBC}") = "16-1_challenge-switch-statements", "16-1_challenge-switch-statements\16-1_challenge-switch-statements.csproj", "{9D91B4C0-DF62-42DB-A8EB-F46B6BFF8A37}"
EndProject
Project("{FAE04EC0-301F-11D3-BF4B-00C04F79EFBC}") = "17-1_FizzBuzz-challenge", "17-1_FizzBuzz-challenge\17-1_FizzBuzz-challenge.csproj", "{A9AA5158-B5FC-4338-B311-ED08F5ACFF20}"
EndProject
Project("{FAE04EC0-301F-11D3-BF4B-00C04F79EFBC}") = "18-1_game-battle-challenge", "18-1_game-battle-challenge\18-1_game-battle-challenge.csproj", "{D8FDB40E-1448-4A4D-83E6-3C2DBF17177D}"
EndProject
Project("{FAE04EC0-301F-11D3-BF4B-00C04F79EFBC}") = "10-0_add-decision-logic", "10-0_add-decision-logic\10-0_add-decision-logic.csproj", "{1BDAA77F-C9B3-4B0A-9A52-6888BA0F902F}"
EndProject
Project("{FAE04EC0-301F-11D3-BF4B-00C04F79EFBC}") = "11-0_array-basics", "11-0_array-basics\11-0_array-basics.csproj", "{EDDBCD50-4590-4DEA-9EC8-05175F777C7E}"
EndProject
Project("{FAE04EC0-301F-11D3-BF4B-00C04F79EFBC}") = "12-0_code-comments", "12-0_code-comments\12-0_code-comments.csproj", "{16A16CE2-8F65-48BA-A2C9-DE761042333F}"
EndProject
Project("{FAE04EC0-301F-11D3-BF4B-00C04F79EFBC}") = "13-0_student-grading-app", "13-0_student-grading-app\13-0_student-grading-app.csproj", "{2098B73E-25CD-4A11-96BD-A1A55DA5929A}"
EndProject
Project("{FAE04EC0-301F-11D3-BF4B-00C04F79EFBC}") = "14-0_evaluate-boolean-expressions", "14-0_evaluate-boolean-expressions\14-0_evaluate-boolean-expressions.csproj", "{865070F3-2BFA-430E-9C5F-BDE8FFDD9FB2}"
EndProject
Project("{FAE04EC0-301F-11D3-BF4B-00C04F79EFBC}") = "15-0_code-block-variable-scope", "15-0_code-block-variable-scope\15-0_code-block-variable-scope.csproj", "{2CCE456D-7E78-4CFC-A5AA-D0BA2C2AC85C}"
EndProject
Project("{FAE04EC0-301F-11D3-BF4B-00C04F79EFBC}") = "16-0_implement-switch-statement", "16-0_implement-switch-statement\16-0_implement-switch-statement.csproj", "{B444E5B4-0486-4039-9C9A-12A626D7F9D3}"
EndProject
Project("{FAE04EC0-301F-11D3-BF4B-00C04F79EFBC}") = "17-0_for-iteration-loops", "17-0_for-iteration-loops\17-0_for-iteration-loops.csproj", "{8F0BF02D-2A77-4A0F-8CB7-E2FEE1161FA1}"
EndProject
Project("{FAE04EC0-301F-11D3-BF4B-00C04F79EFBC}") = "18-0_do-while", "18-0_do-while\18-0_do-while.csproj", "{AC679BBB-779A-4978-896C-41AC7C9A5A94}"
EndProject
Project("{FAE04EC0-301F-11D3-BF4B-00C04F79EFBC}") = "19-0_contoso-pets-application", "19-0_contoso-pets-application\19-0_contoso-pets-application.csproj", "{D0B13363-81A2-41AF-8BD3-988A8950F42D}"
EndProject
Project("{FAE04EC0-301F-11D3-BF4B-00C04F79EFBC}") = "20-0_challenge-contoso-pet-app", "20-0_challenge-contoso-pet-app\20-0_challenge-contoso-pet-app.csproj", "{0BF98E9F-6DD9-4997-BC59-B0C9955441C2}"
EndProject
Project("{FAE04EC0-301F-11D3-BF4B-00C04F79EFBC}") = "21-0_integral-types", "21-0_integral-types\21-0_integral-types.csproj", "{037EC2EC-CBD9-43C7-99B5-975E529A7411}"
EndProject
Project("{FAE04EC0-301F-11D3-BF4B-00C04F79EFBC}") = "21-1_floating-point-types", "21-1_floating-point-types\21-1_floating-point-types.csproj", "{2A5FCB6A-52FA-4C59-84EC-69526631B582}"
EndProject
Project("{FAE04EC0-301F-11D3-BF4B-00C04F79EFBC}") = "21-2_reference-types", "21-2_reference-types\21-2_reference-types.csproj", "{2AD3AD11-413B-48DC-A51E-C8D2B55C1ADC}"
EndProject
Project("{FAE04EC0-301F-11D3-BF4B-00C04F79EFBC}") = "22-0_data-type-casting-conversion", "22-0_data-type-casting-conversion\22-0_data-type-casting-conversion.csproj", "{7BB6D164-FB6F-497E-99D5-FB3087123C6C}"
EndProject
Project("{FAE04EC0-301F-11D3-BF4B-00C04F79EFBC}") = "22-1_tryparse-method", "22-1_tryparse-method\22-1_tryparse-method.csproj", "{98A752FF-290E-4992-AEB4-6378C4306531}"
EndProject
Project("{FAE04EC0-301F-11D3-BF4B-00C04F79EFBC}") = "22-2_combine-string-array-val", "22-2_combine-string-array-val\22-2_combine-string-array-val.csproj", "{C90DB7F0-1C40-491B-A53E-53B352407E72}"
EndProject
Project("{FAE04EC0-301F-11D3-BF4B-00C04F79EFBC}") = "22-3_output-math-operation", "22-3_output-math-operation\22-3_output-math-operation.csproj", "{95999772-6B73-4C37-8209-F678E3E201F0}"
EndProject
Project("{FAE04EC0-301F-11D3-BF4B-00C04F79EFBC}") = "23-0_perform-operations-on-arrays-using-helper-methods", "23-0_perform-operations-on-arrays-using-helper-methods\23-0_perform-operations-on-arrays-using-helper-methods.csproj", "{C0169F5D-B61C-4D4F-8EC1-C3A2C5F3A637}"
EndProject
Project("{FAE04EC0-301F-11D3-BF4B-00C04F79EFBC}") = "23-1_clear-resize-array", "23-1_clear-resize-array\23-1_clear-resize-array.csproj", "{AF4A1ECF-E0E2-40CE-90EC-F082CEF53744}"
EndProject
Project("{FAE04EC0-301F-11D3-BF4B-00C04F79EFBC}") = "23-2_discover-split-join", "23-2_discover-split-join\23-2_discover-split-join.csproj", "{7357C8FE-1F77-4267-8E48-753C8D057174}"
EndProject
Global
	GlobalSection(SolutionConfigurationPlatforms) = preSolution
		Debug|Any CPU = Debug|Any CPU
		Release|Any CPU = Release|Any CPU
	EndGlobalSection
	GlobalSection(ProjectConfigurationPlatforms) = postSolution
		{EDAC064F-7293-4827-A3F3-B2B00F958AA3}.Debug|Any CPU.ActiveCfg = Debug|Any CPU
		{EDAC064F-7293-4827-A3F3-B2B00F958AA3}.Debug|Any CPU.Build.0 = Debug|Any CPU
		{EDAC064F-7293-4827-A3F3-B2B00F958AA3}.Release|Any CPU.ActiveCfg = Release|Any CPU
		{EDAC064F-7293-4827-A3F3-B2B00F958AA3}.Release|Any CPU.Build.0 = Release|Any CPU
		{491CFD20-C337-40E6-BCC2-3D99A0D53F00}.Debug|Any CPU.ActiveCfg = Debug|Any CPU
		{491CFD20-C337-40E6-BCC2-3D99A0D53F00}.Debug|Any CPU.Build.0 = Debug|Any CPU
		{491CFD20-C337-40E6-BCC2-3D99A0D53F00}.Release|Any CPU.ActiveCfg = Release|Any CPU
		{491CFD20-C337-40E6-BCC2-3D99A0D53F00}.Release|Any CPU.Build.0 = Release|Any CPU
		{C9D5E9AA-F7C1-4260-91AE-715EF1554E3E}.Debug|Any CPU.ActiveCfg = Debug|Any CPU
		{C9D5E9AA-F7C1-4260-91AE-715EF1554E3E}.Debug|Any CPU.Build.0 = Debug|Any CPU
		{C9D5E9AA-F7C1-4260-91AE-715EF1554E3E}.Release|Any CPU.ActiveCfg = Release|Any CPU
		{C9D5E9AA-F7C1-4260-91AE-715EF1554E3E}.Release|Any CPU.Build.0 = Release|Any CPU
		{37215A79-7F52-4FEA-8C27-5207EA9F60BD}.Debug|Any CPU.ActiveCfg = Debug|Any CPU
		{37215A79-7F52-4FEA-8C27-5207EA9F60BD}.Debug|Any CPU.Build.0 = Debug|Any CPU
		{37215A79-7F52-4FEA-8C27-5207EA9F60BD}.Release|Any CPU.ActiveCfg = Release|Any CPU
		{37215A79-7F52-4FEA-8C27-5207EA9F60BD}.Release|Any CPU.Build.0 = Release|Any CPU
		{DE57A6C1-4D03-4533-A71C-A931C1E3BDCB}.Debug|Any CPU.ActiveCfg = Debug|Any CPU
		{DE57A6C1-4D03-4533-A71C-A931C1E3BDCB}.Debug|Any CPU.Build.0 = Debug|Any CPU
		{DE57A6C1-4D03-4533-A71C-A931C1E3BDCB}.Release|Any CPU.ActiveCfg = Release|Any CPU
		{DE57A6C1-4D03-4533-A71C-A931C1E3BDCB}.Release|Any CPU.Build.0 = Release|Any CPU
		{1FEC8FC6-AC9B-4681-B1DA-66119CE3E7EF}.Debug|Any CPU.ActiveCfg = Debug|Any CPU
		{1FEC8FC6-AC9B-4681-B1DA-66119CE3E7EF}.Debug|Any CPU.Build.0 = Debug|Any CPU
		{1FEC8FC6-AC9B-4681-B1DA-66119CE3E7EF}.Release|Any CPU.ActiveCfg = Release|Any CPU
		{1FEC8FC6-AC9B-4681-B1DA-66119CE3E7EF}.Release|Any CPU.Build.0 = Release|Any CPU
		{C395B49B-A4A3-4455-80F5-C356F9C772B5}.Debug|Any CPU.ActiveCfg = Debug|Any CPU
		{C395B49B-A4A3-4455-80F5-C356F9C772B5}.Debug|Any CPU.Build.0 = Debug|Any CPU
		{C395B49B-A4A3-4455-80F5-C356F9C772B5}.Release|Any CPU.ActiveCfg = Release|Any CPU
		{C395B49B-A4A3-4455-80F5-C356F9C772B5}.Release|Any CPU.Build.0 = Release|Any CPU
		{55DF4A4A-20F7-46F4-9CA7-CFE6C31EAEDD}.Debug|Any CPU.ActiveCfg = Debug|Any CPU
		{55DF4A4A-20F7-46F4-9CA7-CFE6C31EAEDD}.Debug|Any CPU.Build.0 = Debug|Any CPU
		{55DF4A4A-20F7-46F4-9CA7-CFE6C31EAEDD}.Release|Any CPU.ActiveCfg = Release|Any CPU
		{55DF4A4A-20F7-46F4-9CA7-CFE6C31EAEDD}.Release|Any CPU.Build.0 = Release|Any CPU
		{695363F5-1B06-4BFB-A9A2-197DCAD6AE7E}.Debug|Any CPU.ActiveCfg = Debug|Any CPU
		{695363F5-1B06-4BFB-A9A2-197DCAD6AE7E}.Debug|Any CPU.Build.0 = Debug|Any CPU
		{695363F5-1B06-4BFB-A9A2-197DCAD6AE7E}.Release|Any CPU.ActiveCfg = Release|Any CPU
		{695363F5-1B06-4BFB-A9A2-197DCAD6AE7E}.Release|Any CPU.Build.0 = Release|Any CPU
		{9D91B4C0-DF62-42DB-A8EB-F46B6BFF8A37}.Debug|Any CPU.ActiveCfg = Debug|Any CPU
		{9D91B4C0-DF62-42DB-A8EB-F46B6BFF8A37}.Debug|Any CPU.Build.0 = Debug|Any CPU
		{9D91B4C0-DF62-42DB-A8EB-F46B6BFF8A37}.Release|Any CPU.ActiveCfg = Release|Any CPU
		{9D91B4C0-DF62-42DB-A8EB-F46B6BFF8A37}.Release|Any CPU.Build.0 = Release|Any CPU
		{A9AA5158-B5FC-4338-B311-ED08F5ACFF20}.Debug|Any CPU.ActiveCfg = Debug|Any CPU
		{A9AA5158-B5FC-4338-B311-ED08F5ACFF20}.Debug|Any CPU.Build.0 = Debug|Any CPU
		{A9AA5158-B5FC-4338-B311-ED08F5ACFF20}.Release|Any CPU.ActiveCfg = Release|Any CPU
		{A9AA5158-B5FC-4338-B311-ED08F5ACFF20}.Release|Any CPU.Build.0 = Release|Any CPU
		{D8FDB40E-1448-4A4D-83E6-3C2DBF17177D}.Debug|Any CPU.ActiveCfg = Debug|Any CPU
		{D8FDB40E-1448-4A4D-83E6-3C2DBF17177D}.Debug|Any CPU.Build.0 = Debug|Any CPU
		{D8FDB40E-1448-4A4D-83E6-3C2DBF17177D}.Release|Any CPU.ActiveCfg = Release|Any CPU
		{D8FDB40E-1448-4A4D-83E6-3C2DBF17177D}.Release|Any CPU.Build.0 = Release|Any CPU
		{1BDAA77F-C9B3-4B0A-9A52-6888BA0F902F}.Debug|Any CPU.ActiveCfg = Debug|Any CPU
		{1BDAA77F-C9B3-4B0A-9A52-6888BA0F902F}.Debug|Any CPU.Build.0 = Debug|Any CPU
		{1BDAA77F-C9B3-4B0A-9A52-6888BA0F902F}.Release|Any CPU.ActiveCfg = Release|Any CPU
		{1BDAA77F-C9B3-4B0A-9A52-6888BA0F902F}.Release|Any CPU.Build.0 = Release|Any CPU
		{EDDBCD50-4590-4DEA-9EC8-05175F777C7E}.Debug|Any CPU.ActiveCfg = Debug|Any CPU
		{EDDBCD50-4590-4DEA-9EC8-05175F777C7E}.Debug|Any CPU.Build.0 = Debug|Any CPU
		{EDDBCD50-4590-4DEA-9EC8-05175F777C7E}.Release|Any CPU.ActiveCfg = Release|Any CPU
		{EDDBCD50-4590-4DEA-9EC8-05175F777C7E}.Release|Any CPU.Build.0 = Release|Any CPU
		{16A16CE2-8F65-48BA-A2C9-DE761042333F}.Debug|Any CPU.ActiveCfg = Debug|Any CPU
		{16A16CE2-8F65-48BA-A2C9-DE761042333F}.Debug|Any CPU.Build.0 = Debug|Any CPU
		{16A16CE2-8F65-48BA-A2C9-DE761042333F}.Release|Any CPU.ActiveCfg = Release|Any CPU
		{16A16CE2-8F65-48BA-A2C9-DE761042333F}.Release|Any CPU.Build.0 = Release|Any CPU
		{2098B73E-25CD-4A11-96BD-A1A55DA5929A}.Debug|Any CPU.ActiveCfg = Debug|Any CPU
		{2098B73E-25CD-4A11-96BD-A1A55DA5929A}.Debug|Any CPU.Build.0 = Debug|Any CPU
		{2098B73E-25CD-4A11-96BD-A1A55DA5929A}.Release|Any CPU.ActiveCfg = Release|Any CPU
		{2098B73E-25CD-4A11-96BD-A1A55DA5929A}.Release|Any CPU.Build.0 = Release|Any CPU
		{865070F3-2BFA-430E-9C5F-BDE8FFDD9FB2}.Debug|Any CPU.ActiveCfg = Debug|Any CPU
		{865070F3-2BFA-430E-9C5F-BDE8FFDD9FB2}.Debug|Any CPU.Build.0 = Debug|Any CPU
		{865070F3-2BFA-430E-9C5F-BDE8FFDD9FB2}.Release|Any CPU.ActiveCfg = Release|Any CPU
		{865070F3-2BFA-430E-9C5F-BDE8FFDD9FB2}.Release|Any CPU.Build.0 = Release|Any CPU
		{2CCE456D-7E78-4CFC-A5AA-D0BA2C2AC85C}.Debug|Any CPU.ActiveCfg = Debug|Any CPU
		{2CCE456D-7E78-4CFC-A5AA-D0BA2C2AC85C}.Debug|Any CPU.Build.0 = Debug|Any CPU
		{2CCE456D-7E78-4CFC-A5AA-D0BA2C2AC85C}.Release|Any CPU.ActiveCfg = Release|Any CPU
		{2CCE456D-7E78-4CFC-A5AA-D0BA2C2AC85C}.Release|Any CPU.Build.0 = Release|Any CPU
		{B444E5B4-0486-4039-9C9A-12A626D7F9D3}.Debug|Any CPU.ActiveCfg = Debug|Any CPU
		{B444E5B4-0486-4039-9C9A-12A626D7F9D3}.Debug|Any CPU.Build.0 = Debug|Any CPU
		{B444E5B4-0486-4039-9C9A-12A626D7F9D3}.Release|Any CPU.ActiveCfg = Release|Any CPU
		{B444E5B4-0486-4039-9C9A-12A626D7F9D3}.Release|Any CPU.Build.0 = Release|Any CPU
		{8F0BF02D-2A77-4A0F-8CB7-E2FEE1161FA1}.Debug|Any CPU.ActiveCfg = Debug|Any CPU
		{8F0BF02D-2A77-4A0F-8CB7-E2FEE1161FA1}.Debug|Any CPU.Build.0 = Debug|Any CPU
		{8F0BF02D-2A77-4A0F-8CB7-E2FEE1161FA1}.Release|Any CPU.ActiveCfg = Release|Any CPU
		{8F0BF02D-2A77-4A0F-8CB7-E2FEE1161FA1}.Release|Any CPU.Build.0 = Release|Any CPU
		{AC679BBB-779A-4978-896C-41AC7C9A5A94}.Debug|Any CPU.ActiveCfg = Debug|Any CPU
		{AC679BBB-779A-4978-896C-41AC7C9A5A94}.Debug|Any CPU.Build.0 = Debug|Any CPU
		{AC679BBB-779A-4978-896C-41AC7C9A5A94}.Release|Any CPU.ActiveCfg = Release|Any CPU
		{AC679BBB-779A-4978-896C-41AC7C9A5A94}.Release|Any CPU.Build.0 = Release|Any CPU
		{D0B13363-81A2-41AF-8BD3-988A8950F42D}.Debug|Any CPU.ActiveCfg = Debug|Any CPU
		{D0B13363-81A2-41AF-8BD3-988A8950F42D}.Debug|Any CPU.Build.0 = Debug|Any CPU
		{D0B13363-81A2-41AF-8BD3-988A8950F42D}.Release|Any CPU.ActiveCfg = Release|Any CPU
		{D0B13363-81A2-41AF-8BD3-988A8950F42D}.Release|Any CPU.Build.0 = Release|Any CPU
		{0BF98E9F-6DD9-4997-BC59-B0C9955441C2}.Debug|Any CPU.ActiveCfg = Debug|Any CPU
		{0BF98E9F-6DD9-4997-BC59-B0C9955441C2}.Debug|Any CPU.Build.0 = Debug|Any CPU
		{0BF98E9F-6DD9-4997-BC59-B0C9955441C2}.Release|Any CPU.ActiveCfg = Release|Any CPU
		{0BF98E9F-6DD9-4997-BC59-B0C9955441C2}.Release|Any CPU.Build.0 = Release|Any CPU
		{037EC2EC-CBD9-43C7-99B5-975E529A7411}.Debug|Any CPU.ActiveCfg = Debug|Any CPU
		{037EC2EC-CBD9-43C7-99B5-975E529A7411}.Debug|Any CPU.Build.0 = Debug|Any CPU
		{037EC2EC-CBD9-43C7-99B5-975E529A7411}.Release|Any CPU.ActiveCfg = Release|Any CPU
		{037EC2EC-CBD9-43C7-99B5-975E529A7411}.Release|Any CPU.Build.0 = Release|Any CPU
		{2A5FCB6A-52FA-4C59-84EC-69526631B582}.Debug|Any CPU.ActiveCfg = Debug|Any CPU
		{2A5FCB6A-52FA-4C59-84EC-69526631B582}.Debug|Any CPU.Build.0 = Debug|Any CPU
		{2A5FCB6A-52FA-4C59-84EC-69526631B582}.Release|Any CPU.ActiveCfg = Release|Any CPU
		{2A5FCB6A-52FA-4C59-84EC-69526631B582}.Release|Any CPU.Build.0 = Release|Any CPU
		{2AD3AD11-413B-48DC-A51E-C8D2B55C1ADC}.Debug|Any CPU.ActiveCfg = Debug|Any CPU
		{2AD3AD11-413B-48DC-A51E-C8D2B55C1ADC}.Debug|Any CPU.Build.0 = Debug|Any CPU
		{2AD3AD11-413B-48DC-A51E-C8D2B55C1ADC}.Release|Any CPU.ActiveCfg = Release|Any CPU
		{2AD3AD11-413B-48DC-A51E-C8D2B55C1ADC}.Release|Any CPU.Build.0 = Release|Any CPU
		{7BB6D164-FB6F-497E-99D5-FB3087123C6C}.Debug|Any CPU.ActiveCfg = Debug|Any CPU
		{7BB6D164-FB6F-497E-99D5-FB3087123C6C}.Debug|Any CPU.Build.0 = Debug|Any CPU
		{7BB6D164-FB6F-497E-99D5-FB3087123C6C}.Release|Any CPU.ActiveCfg = Release|Any CPU
		{7BB6D164-FB6F-497E-99D5-FB3087123C6C}.Release|Any CPU.Build.0 = Release|Any CPU
		{98A752FF-290E-4992-AEB4-6378C4306531}.Debug|Any CPU.ActiveCfg = Debug|Any CPU
		{98A752FF-290E-4992-AEB4-6378C4306531}.Debug|Any CPU.Build.0 = Debug|Any CPU
		{98A752FF-290E-4992-AEB4-6378C4306531}.Release|Any CPU.ActiveCfg = Release|Any CPU
		{98A752FF-290E-4992-AEB4-6378C4306531}.Release|Any CPU.Build.0 = Release|Any CPU
		{C90DB7F0-1C40-491B-A53E-53B352407E72}.Debug|Any CPU.ActiveCfg = Debug|Any CPU
		{C90DB7F0-1C40-491B-A53E-53B352407E72}.Debug|Any CPU.Build.0 = Debug|Any CPU
		{C90DB7F0-1C40-491B-A53E-53B352407E72}.Release|Any CPU.ActiveCfg = Release|Any CPU
		{C90DB7F0-1C40-491B-A53E-53B352407E72}.Release|Any CPU.Build.0 = Release|Any CPU
		{95999772-6B73-4C37-8209-F678E3E201F0}.Debug|Any CPU.ActiveCfg = Debug|Any CPU
		{95999772-6B73-4C37-8209-F678E3E201F0}.Debug|Any CPU.Build.0 = Debug|Any CPU
		{95999772-6B73-4C37-8209-F678E3E201F0}.Release|Any CPU.ActiveCfg = Release|Any CPU
		{95999772-6B73-4C37-8209-F678E3E201F0}.Release|Any CPU.Build.0 = Release|Any CPU
		{C0169F5D-B61C-4D4F-8EC1-C3A2C5F3A637}.Debug|Any CPU.ActiveCfg = Debug|Any CPU
		{C0169F5D-B61C-4D4F-8EC1-C3A2C5F3A637}.Debug|Any CPU.Build.0 = Debug|Any CPU
		{C0169F5D-B61C-4D4F-8EC1-C3A2C5F3A637}.Release|Any CPU.ActiveCfg = Release|Any CPU
		{C0169F5D-B61C-4D4F-8EC1-C3A2C5F3A637}.Release|Any CPU.Build.0 = Release|Any CPU
		{AF4A1ECF-E0E2-40CE-90EC-F082CEF53744}.Debug|Any CPU.ActiveCfg = Debug|Any CPU
		{AF4A1ECF-E0E2-40CE-90EC-F082CEF53744}.Debug|Any CPU.Build.0 = Debug|Any CPU
		{AF4A1ECF-E0E2-40CE-90EC-F082CEF53744}.Release|Any CPU.ActiveCfg = Release|Any CPU
		{AF4A1ECF-E0E2-40CE-90EC-F082CEF53744}.Release|Any CPU.Build.0 = Release|Any CPU
		{7357C8FE-1F77-4267-8E48-753C8D057174}.Debug|Any CPU.ActiveCfg = Debug|Any CPU
		{7357C8FE-1F77-4267-8E48-753C8D057174}.Debug|Any CPU.Build.0 = Debug|Any CPU
		{7357C8FE-1F77-4267-8E48-753C8D057174}.Release|Any CPU.ActiveCfg = Release|Any CPU
		{7357C8FE-1F77-4267-8E48-753C8D057174}.Release|Any CPU.Build.0 = Release|Any CPU
	EndGlobalSection
	GlobalSection(SolutionProperties) = preSolution
		HideSolutionNode = FALSE
	EndGlobalSection
	GlobalSection(ExtensibilityGlobals) = postSolution
		SolutionGuid = {66E1FF71-FA08-4219-9B54-75D8B7A84FF3}
	EndGlobalSection
EndGlobal
