
Microsoft Visual Studio Solution File, Format Version 12.00
# Visual Studio Version 17
VisualStudioVersion = 17.5.002.0
MinimumVisualStudioVersion = 10.0.40219.1
Project("{9A19103F-16F7-4668-BE54-9A1E7A4F7556}") = "10_add-decision-logic", "10_add-decision-logic\10_add-decision-logic.csproj", "{C1FA08B0-1A9E-48F8-8851-11C71819AB29}"
EndProject
Project("{FAE04EC0-301F-11D3-BF4B-00C04F79EFBC}") = "10-1_improve-renewal-rate-subscription", "10-1_improve-renewal-rate-subscription\10-1_improve-renewal-rate-subscription.csproj", "{EDAC064F-7293-4827-A3F3-B2B00F958AA3}"
EndProject
Project("{FAE04EC0-301F-11D3-BF4B-00C04F79EFBC}") = "11_array-basics", "11_array-basics\11_array-basics.csproj", "{1C714611-4C9A-4409-9BD4-F008374D99CE}"
EndProject
Project("{FAE04EC0-301F-11D3-BF4B-00C04F79EFBC}") = "11-1_implement-foreach", "11-1_implement-foreach\11-1_implement-foreach.csproj", "{491CFD20-C337-40E6-BCC2-3D99A0D53F00}"
EndProject
Project("{FAE04EC0-301F-11D3-BF4B-00C04F79EFBC}") = "11-2_fraudulent-order-challenge", "11-2_fraudulent-order-challenge\11-2_fraudulent-order-challenge.csproj", "{C9D5E9AA-F7C1-4260-91AE-715EF1554E3E}"
EndProject
Project("{FAE04EC0-301F-11D3-BF4B-00C04F79EFBC}") = "12_code-comments", "12_code-comments\12_code-comments.csproj", "{14CCCA7F-FAAF-48E9-AFFC-FEECF1233E81}"
EndProject
Project("{FAE04EC0-301F-11D3-BF4B-00C04F79EFBC}") = "12-1_improve-code-readability", "12-1_improve-code-readability\12-1_improve-code-readability.csproj", "{37215A79-7F52-4FEA-8C27-5207EA9F60BD}"
EndProject
Project("{FAE04EC0-301F-11D3-BF4B-00C04F79EFBC}") = "13_student-grading-app", "13_student-grading-app\13_student-grading-app.csproj", "{5C5832B9-C5CC-4D2A-86AB-788A7BF7D598}"
EndProject
Global
	GlobalSection(SolutionConfigurationPlatforms) = preSolution
		Debug|Any CPU = Debug|Any CPU
		Release|Any CPU = Release|Any CPU
	EndGlobalSection
	GlobalSection(ProjectConfigurationPlatforms) = postSolution
		{C1FA08B0-1A9E-48F8-8851-11C71819AB29}.Debug|Any CPU.ActiveCfg = Debug|Any CPU
		{C1FA08B0-1A9E-48F8-8851-11C71819AB29}.Debug|Any CPU.Build.0 = Debug|Any CPU
		{C1FA08B0-1A9E-48F8-8851-11C71819AB29}.Release|Any CPU.ActiveCfg = Release|Any CPU
		{C1FA08B0-1A9E-48F8-8851-11C71819AB29}.Release|Any CPU.Build.0 = Release|Any CPU
		{EDAC064F-7293-4827-A3F3-B2B00F958AA3}.Debug|Any CPU.ActiveCfg = Debug|Any CPU
		{EDAC064F-7293-4827-A3F3-B2B00F958AA3}.Debug|Any CPU.Build.0 = Debug|Any CPU
		{EDAC064F-7293-4827-A3F3-B2B00F958AA3}.Release|Any CPU.ActiveCfg = Release|Any CPU
		{EDAC064F-7293-4827-A3F3-B2B00F958AA3}.Release|Any CPU.Build.0 = Release|Any CPU
		{1C714611-4C9A-4409-9BD4-F008374D99CE}.Debug|Any CPU.ActiveCfg = Debug|Any CPU
		{1C714611-4C9A-4409-9BD4-F008374D99CE}.Debug|Any CPU.Build.0 = Debug|Any CPU
		{1C714611-4C9A-4409-9BD4-F008374D99CE}.Release|Any CPU.ActiveCfg = Release|Any CPU
		{1C714611-4C9A-4409-9BD4-F008374D99CE}.Release|Any CPU.Build.0 = Release|Any CPU
		{491CFD20-C337-40E6-BCC2-3D99A0D53F00}.Debug|Any CPU.ActiveCfg = Debug|Any CPU
		{491CFD20-C337-40E6-BCC2-3D99A0D53F00}.Debug|Any CPU.Build.0 = Debug|Any CPU
		{491CFD20-C337-40E6-BCC2-3D99A0D53F00}.Release|Any CPU.ActiveCfg = Release|Any CPU
		{491CFD20-C337-40E6-BCC2-3D99A0D53F00}.Release|Any CPU.Build.0 = Release|Any CPU
		{C9D5E9AA-F7C1-4260-91AE-715EF1554E3E}.Debug|Any CPU.ActiveCfg = Debug|Any CPU
		{C9D5E9AA-F7C1-4260-91AE-715EF1554E3E}.Debug|Any CPU.Build.0 = Debug|Any CPU
		{C9D5E9AA-F7C1-4260-91AE-715EF1554E3E}.Release|Any CPU.ActiveCfg = Release|Any CPU
		{C9D5E9AA-F7C1-4260-91AE-715EF1554E3E}.Release|Any CPU.Build.0 = Release|Any CPU
		{14CCCA7F-FAAF-48E9-AFFC-FEECF1233E81}.Debug|Any CPU.ActiveCfg = Debug|Any CPU
		{14CCCA7F-FAAF-48E9-AFFC-FEECF1233E81}.Debug|Any CPU.Build.0 = Debug|Any CPU
		{14CCCA7F-FAAF-48E9-AFFC-FEECF1233E81}.Release|Any CPU.ActiveCfg = Release|Any CPU
		{14CCCA7F-FAAF-48E9-AFFC-FEECF1233E81}.Release|Any CPU.Build.0 = Release|Any CPU
		{37215A79-7F52-4FEA-8C27-5207EA9F60BD}.Debug|Any CPU.ActiveCfg = Debug|Any CPU
		{37215A79-7F52-4FEA-8C27-5207EA9F60BD}.Debug|Any CPU.Build.0 = Debug|Any CPU
		{37215A79-7F52-4FEA-8C27-5207EA9F60BD}.Release|Any CPU.ActiveCfg = Release|Any CPU
		{37215A79-7F52-4FEA-8C27-5207EA9F60BD}.Release|Any CPU.Build.0 = Release|Any CPU
		{5C5832B9-C5CC-4D2A-86AB-788A7BF7D598}.Debug|Any CPU.ActiveCfg = Debug|Any CPU
		{5C5832B9-C5CC-4D2A-86AB-788A7BF7D598}.Debug|Any CPU.Build.0 = Debug|Any CPU
		{5C5832B9-C5CC-4D2A-86AB-788A7BF7D598}.Release|Any CPU.ActiveCfg = Release|Any CPU
		{5C5832B9-C5CC-4D2A-86AB-788A7BF7D598}.Release|Any CPU.Build.0 = Release|Any CPU
	EndGlobalSection
	GlobalSection(SolutionProperties) = preSolution
		HideSolutionNode = FALSE
	EndGlobalSection
	GlobalSection(ExtensibilityGlobals) = postSolution
		SolutionGuid = {66E1FF71-FA08-4219-9B54-75D8B7A84FF3}
	EndGlobalSection
EndGlobal
